<?xml version="1.0" encoding="utf-8"?>
<Project ToolsVersion="4.0" xmlns="http://schemas.microsoft.com/developer/msbuild/2003">
  <ItemGroup>
    <Filter Include="ImGui">
      <UniqueIdentifier>{8d8f2283-e936-4b76-8285-eff59ff1f010}</UniqueIdentifier>
    </Filter>
    <Filter Include="Header Files">
      <UniqueIdentifier>{a9e8afb2-abaa-43bf-b19e-cc4b98132bf9}</UniqueIdentifier>
    </Filter>
    <Filter Include="Header Files\Auth">
      <UniqueIdentifier>{5544e252-69ec-433e-ae7d-08b169010fba}</UniqueIdentifier>
    </Filter>
    <Filter Include="Header Files\Kernel">
      <UniqueIdentifier>{ebb19ded-9989-4a1a-9c99-944c2425f578}</UniqueIdentifier>
    </Filter>
    <Filter Include="Header Files\Utils">
      <UniqueIdentifier>{e70f8c96-64c9-47ef-bf2c-01303c902808}</UniqueIdentifier>
    </Filter>
    <Filter Include="Header Files\Overlay">
      <UniqueIdentifier>{a554c038-a3f3-441e-9844-318226894dd9}</UniqueIdentifier>
    </Filter>
    <Filter Include="Main">
      <UniqueIdentifier>{d361c56f-ffd1-4dc2-a03f-371210d42b72}</UniqueIdentifier>
    </Filter>
    <Filter Include="ImGui\Custom">
      <UniqueIdentifier>{3704963c-cbd5-4c0a-9b3f-0c3cb74aa59c}</UniqueIdentifier>
    </Filter>
  </ItemGroup>
  <ItemGroup>
    <ClInclude Include="cheat.h">
      <Filter>Main</Filter>
    </ClInclude>
    <ClInclude Include="ImGui\imconfig.h">
      <Filter>ImGui</Filter>
    </ClInclude>
    <ClInclude Include="ImGui\imgui.h">
      <Filter>ImGui</Filter>
    </ClInclude>
    <ClInclude Include="ImGui\imgui_impl_glfw.h">
      <Filter>ImGui</Filter>
    </ClInclude>
    <ClInclude Include="ImGui\imgui_impl_opengl3.h">
      <Filter>ImGui</Filter>
    </ClInclude>
    <ClInclude Include="ImGui\imgui_internal.h">
      <Filter>ImGui</Filter>
    </ClInclude>
    <ClInclude Include="ImGui\imstb_rectpack.h">
      <Filter>ImGui</Filter>
    </ClInclude>
    <ClInclude Include="ImGui\imstb_textedit.h">
      <Filter>ImGui</Filter>
    </ClInclude>
    <ClInclude Include="ImGui\imstb_truetype.h">
      <Filter>ImGui</Filter>
    </ClInclude>
    <ClInclude Include="Header Files\Utils\Defs.h">
      <Filter>Header Files\Utils</Filter>
    </ClInclude>
    <ClInclude Include="Header Files\Utils\Globals.h">
      <Filter>Header Files\Utils</Filter>
    </ClInclude>
    <ClInclude Include="Header Files\Utils\include.h">
      <Filter>Header Files\Utils</Filter>
    </ClInclude>
    <ClInclude Include="Header Files\Utils\Offsets.h">
      <Filter>Header Files\Utils</Filter>
    </ClInclude>
    <ClInclude Include="Header Files\Utils\Vector3.h">
      <Filter>Header Files\Utils</Filter>
    </ClInclude>
    <ClInclude Include="Header Files\Utils\Xor.h">
      <Filter>Header Files\Utils</Filter>
    </ClInclude>
    <ClInclude Include="Header Files\Overlay\Overlay.h">
      <Filter>Header Files\Overlay</Filter>
    </ClInclude>
    <ClInclude Include="Header Files\Kernel\KernelMode.h">
      <Filter>Header Files\Kernel</Filter>
    </ClInclude>
    <ClInclude Include="Header Files\Kernel\MemoryManagement.h">
      <Filter>Header Files\Kernel</Filter>
    </ClInclude>
    <ClInclude Include="Header Files\Auth\auth.hpp">
      <Filter>Header Files\Auth</Filter>
    </ClInclude>
    <ClInclude Include="icons.h">
      <Filter>ImGui\Custom</Filter>
    </ClInclude>
    <ClInclude Include="imguipp.h">
      <Filter>ImGui\Custom</Filter>
    </ClInclude>
    <ClInclude Include="font.h">
      <Filter>ImGui\Custom</Filter>
    </ClInclude>
    <ClInclude Include="Driver.h">
      <Filter>Header Files\Kernel</Filter>
    </ClInclude>
    <ClInclude Include="Driver2.h">
      <Filter>Header Files\Kernel</Filter>
    </ClInclude>
    <ClInclude Include="custom.hpp">
      <Filter>Main</Filter>
    </ClInclude>
    <ClInclude Include="imgui_tricks.hpp">
      <Filter>ImGui</Filter>
    </ClInclude>
  </ItemGroup>
  <ItemGroup>
    <ClCompile Include="main.cpp" />
    <ClCompile Include="ImGui\imgui.cpp">
      <Filter>ImGui</Filter>
    </ClCompile>
    <ClCompile Include="ImGui\imgui_draw.cpp">
      <Filter>ImGui</Filter>
    </ClCompile>
    <ClCompile Include="ImGui\imgui_impl_glfw.cpp">
      <Filter>ImGui</Filter>
    </ClCompile>
    <ClCompile Include="ImGui\imgui_impl_opengl3.cpp">
      <Filter>ImGui</Filter>
    </ClCompile>
    <ClCompile Include="ImGui\imgui_tables.cpp">
      <Filter>ImGui</Filter>
    </ClCompile>
    <ClCompile Include="ImGui\imgui_widgets.cpp">
      <Filter>ImGui</Filter>
    </ClCompile>
    <ClCompile Include="custom.cpp">
      <Filter>Main</Filter>
    </ClCompile>
    <ClCompile Include="imgui_tricks.cpp">
      <Filter>ImGui</Filter>
    </ClCompile>
  </ItemGroup>
</Project>